
Microsoft Visual Studio Solution File, Format Version 12.00
# Visual Studio Version 17
VisualStudioVersion = 17.5.33530.505
MinimumVisualStudioVersion = 10.0.40219.1
Project("{9A19103F-16F7-4668-BE54-9A1E7A4F7556}") = "FullStack.API", "FullStack.API\FullStack.API.csproj", "{742D6F75-79E3-4F48-BE64-EAE9C76244BE}"
EndProject
Project("{9A19103F-16F7-4668-BE54-9A1E7A4F7556}") = "Fullstack.Infrastructure", "Fullstack.Infrastructure\Fullstack.Infrastructure.csproj", "{50783890-C131-4EA9-B80A-18CEA41CF762}"
EndProject
Project("{9A19103F-16F7-4668-BE54-9A1E7A4F7556}") = "FullStack.Domain", "FUllStack.Domain\FullStack.Domain.csproj", "{293BBAF2-1D83-43AB-9A83-0368392721FA}"
EndProject
Project("{9A19103F-16F7-4668-BE54-9A1E7A4F7556}") = "FullStack.Application", "FullStack.Application\FullStack.Application.csproj", "{B691FE64-75E4-4834-8AA0-10A846CBC2B6}"
EndProject
Project("{FAE04EC0-301F-11D3-BF4B-00C04F79EFBC}") = "FulStack.API", "FulStack.API\FulStack.API.csproj", "{4E5FC9E2-9689-49F8-938A-01DBE12D1BF1}"
EndProject
Global
	GlobalSection(SolutionConfigurationPlatforms) = preSolution
		Debug|Any CPU = Debug|Any CPU
		Release|Any CPU = Release|Any CPU
	EndGlobalSection
	GlobalSection(ProjectConfigurationPlatforms) = postSolution
		{742D6F75-79E3-4F48-BE64-EAE9C76244BE}.Debug|Any CPU.ActiveCfg = Debug|Any CPU
		{742D6F75-79E3-4F48-BE64-EAE9C76244BE}.Debug|Any CPU.Build.0 = Debug|Any CPU
		{742D6F75-79E3-4F48-BE64-EAE9C76244BE}.Release|Any CPU.ActiveCfg = Release|Any CPU
		{742D6F75-79E3-4F48-BE64-EAE9C76244BE}.Release|Any CPU.Build.0 = Release|Any CPU
		{50783890-C131-4EA9-B80A-18CEA41CF762}.Debug|Any CPU.ActiveCfg = Debug|Any CPU
		{50783890-C131-4EA9-B80A-18CEA41CF762}.Debug|Any CPU.Build.0 = Debug|Any CPU
		{50783890-C131-4EA9-B80A-18CEA41CF762}.Release|Any CPU.ActiveCfg = Release|Any CPU
		{50783890-C131-4EA9-B80A-18CEA41CF762}.Release|Any CPU.Build.0 = Release|Any CPU
		{293BBAF2-1D83-43AB-9A83-0368392721FA}.Debug|Any CPU.ActiveCfg = Debug|Any CPU
		{293BBAF2-1D83-43AB-9A83-0368392721FA}.Debug|Any CPU.Build.0 = Debug|Any CPU
		{293BBAF2-1D83-43AB-9A83-0368392721FA}.Release|Any CPU.ActiveCfg = Release|Any CPU
		{293BBAF2-1D83-43AB-9A83-0368392721FA}.Release|Any CPU.Build.0 = Release|Any CPU
		{B691FE64-75E4-4834-8AA0-10A846CBC2B6}.Debug|Any CPU.ActiveCfg = Debug|Any CPU
		{B691FE64-75E4-4834-8AA0-10A846CBC2B6}.Debug|Any CPU.Build.0 = Debug|Any CPU
		{B691FE64-75E4-4834-8AA0-10A846CBC2B6}.Release|Any CPU.ActiveCfg = Release|Any CPU
		{B691FE64-75E4-4834-8AA0-10A846CBC2B6}.Release|Any CPU.Build.0 = Release|Any CPU
		{4E5FC9E2-9689-49F8-938A-01DBE12D1BF1}.Debug|Any CPU.ActiveCfg = Debug|Any CPU
		{4E5FC9E2-9689-49F8-938A-01DBE12D1BF1}.Debug|Any CPU.Build.0 = Debug|Any CPU
		{4E5FC9E2-9689-49F8-938A-01DBE12D1BF1}.Release|Any CPU.ActiveCfg = Release|Any CPU
		{4E5FC9E2-9689-49F8-938A-01DBE12D1BF1}.Release|Any CPU.Build.0 = Release|Any CPU
	EndGlobalSection
	GlobalSection(SolutionProperties) = preSolution
		HideSolutionNode = FALSE
	EndGlobalSection
	GlobalSection(ExtensibilityGlobals) = postSolution
		SolutionGuid = {409AAFDA-1704-4795-87F9-EE04A9692E77}
	EndGlobalSection
EndGlobal
